// !$*UTF8*$!
{
	archiveVersion = 1;
	classes = {
	};
	objectVersion = 77;
	objects = {

/* Begin PBXBuildFile section */
		EE86ECEF2DBA188200F8AE21 /* GrowSpaceSDK in Frameworks */ = {isa = PBXBuildFile; productRef = EE86ECEE2DBA188200F8AE21 /* GrowSpaceSDK */; };
		EE86ED122DC0632000F8AE21 /* WidgetKit.framework in Frameworks */ = {isa = PBXBuildFile; fileRef = EE697CE22D8CF77000144CAF /* WidgetKit.framework */; };
		EE86ED132DC0632000F8AE21 /* SwiftUI.framework in Frameworks */ = {isa = PBXBuildFile; fileRef = EE697CE42D8CF77000144CAF /* SwiftUI.framework */; };
		EE86ED242DC0632100F8AE21 /* SpaceUWBLiveKitExtension.appex in Embed Foundation Extensions */ = {isa = PBXBuildFile; fileRef = EE86ED112DC0632000F8AE21 /* SpaceUWBLiveKitExtension.appex */; settings = {ATTRIBUTES = (RemoveHeadersOnCopy, ); }; };
		EEBAFEF92EE00A70000F83B5 /* CocoaMQTT in Frameworks */ = {isa = PBXBuildFile; productRef = EEBAFEF82EE00A70000F83B5 /* CocoaMQTT */; };
		EEBB92442D83EEA20047DEF2 /* SnapKit in Frameworks */ = {isa = PBXBuildFile; productRef = EEBB92432D83EEA20047DEF2 /* SnapKit */; };
/* End PBXBuildFile section */

/* Begin PBXContainerItemProxy section */
		EE86ED222DC0632100F8AE21 /* PBXContainerItemProxy */ = {
			isa = PBXContainerItemProxy;
			containerPortal = EEBB91FE2D83C9720047DEF2 /* Project object */;
			proxyType = 1;
			remoteGlobalIDString = EE86ED102DC0632000F8AE21;
			remoteInfo = SpaceUWBLiveKitExtension;
		};
		EEBB921D2D83C9730047DEF2 /* PBXContainerItemProxy */ = {
			isa = PBXContainerItemProxy;
			containerPortal = EEBB91FE2D83C9720047DEF2 /* Project object */;
			proxyType = 1;
			remoteGlobalIDString = EEBB92052D83C9720047DEF2;
			remoteInfo = GrowSpaceSDKTestApp;
		};
		EEBB92272D83C9740047DEF2 /* PBXContainerItemProxy */ = {
			isa = PBXContainerItemProxy;
			containerPortal = EEBB91FE2D83C9720047DEF2 /* Project object */;
			proxyType = 1;
			remoteGlobalIDString = EEBB92052D83C9720047DEF2;
			remoteInfo = GrowSpaceSDKTestApp;
		};
/* End PBXContainerItemProxy section */

/* Begin PBXCopyFilesBuildPhase section */
		EE697CFB2D8CF77100144CAF /* Embed Foundation Extensions */ = {
			isa = PBXCopyFilesBuildPhase;
			buildActionMask = 2147483647;
			dstPath = "";
			dstSubfolderSpec = 13;
			files = (
				EE86ED242DC0632100F8AE21 /* SpaceUWBLiveKitExtension.appex in Embed Foundation Extensions */,
			);
			name = "Embed Foundation Extensions";
			runOnlyForDeploymentPostprocessing = 0;
		};
		EEBB927A2D87F82C0047DEF2 /* Embed Frameworks */ = {
			isa = PBXCopyFilesBuildPhase;
			buildActionMask = 2147483647;
			dstPath = "";
			dstSubfolderSpec = 10;
			files = (
			);
			name = "Embed Frameworks";
			runOnlyForDeploymentPostprocessing = 0;
		};
/* End PBXCopyFilesBuildPhase section */

/* Begin PBXFileReference section */
		EE697CE22D8CF77000144CAF /* WidgetKit.framework */ = {isa = PBXFileReference; lastKnownFileType = wrapper.framework; name = WidgetKit.framework; path = System/Library/Frameworks/WidgetKit.framework; sourceTree = SDKROOT; };
		EE697CE42D8CF77000144CAF /* SwiftUI.framework */ = {isa = PBXFileReference; lastKnownFileType = wrapper.framework; name = SwiftUI.framework; path = System/Library/Frameworks/SwiftUI.framework; sourceTree = SDKROOT; };
		EE86ED112DC0632000F8AE21 /* SpaceUWBLiveKitExtension.appex */ = {isa = PBXFileReference; explicitFileType = "wrapper.app-extension"; includeInIndex = 0; path = SpaceUWBLiveKitExtension.appex; sourceTree = BUILT_PRODUCTS_DIR; };
		EEBB92062D83C9720047DEF2 /* GrowSpaceSDKTestApp.app */ = {isa = PBXFileReference; explicitFileType = wrapper.application; includeInIndex = 0; path = GrowSpaceSDKTestApp.app; sourceTree = BUILT_PRODUCTS_DIR; };
		EEBB921C2D83C9730047DEF2 /* GrowSpaceSDKTestAppTests.xctest */ = {isa = PBXFileReference; explicitFileType = wrapper.cfbundle; includeInIndex = 0; path = GrowSpaceSDKTestAppTests.xctest; sourceTree = BUILT_PRODUCTS_DIR; };
		EEBB92262D83C9740047DEF2 /* GrowSpaceSDKTestAppUITests.xctest */ = {isa = PBXFileReference; explicitFileType = wrapper.cfbundle; includeInIndex = 0; path = GrowSpaceSDKTestAppUITests.xctest; sourceTree = BUILT_PRODUCTS_DIR; };
/* End PBXFileReference section */

/* Begin PBXFileSystemSynchronizedBuildFileExceptionSet section */
		EE86ED282DC0632100F8AE21 /* Exceptions for "SpaceUWBLiveKit" folder in "SpaceUWBLiveKitExtension" target */ = {
			isa = PBXFileSystemSynchronizedBuildFileExceptionSet;
			membershipExceptions = (
				Info.plist,
			);
			target = EE86ED102DC0632000F8AE21 /* SpaceUWBLiveKitExtension */;
		};
		EE86ED2A2DC0636000F8AE21 /* Exceptions for "SpaceUWBLiveKit" folder in "GrowSpaceSDKTestApp" target */ = {
			isa = PBXFileSystemSynchronizedBuildFileExceptionSet;
			membershipExceptions = (
				LiveActivityManager.swift,
				SpaceUWBLiveKitLiveActivity.swift,
			);
			target = EEBB92052D83C9720047DEF2 /* GrowSpaceSDKTestApp */;
		};
		EEBB922E2D83C9740047DEF2 /* Exceptions for "GrowSpaceSDKTestApp" folder in "GrowSpaceSDKTestApp" target */ = {
			isa = PBXFileSystemSynchronizedBuildFileExceptionSet;
			membershipExceptions = (
				Info.plist,
			);
			target = EEBB92052D83C9720047DEF2 /* GrowSpaceSDKTestApp */;
		};
/* End PBXFileSystemSynchronizedBuildFileExceptionSet section */

/* Begin PBXFileSystemSynchronizedRootGroup section */
		EE86ED142DC0632000F8AE21 /* SpaceUWBLiveKit */ = {
			isa = PBXFileSystemSynchronizedRootGroup;
			exceptions = (
				EE86ED2A2DC0636000F8AE21 /* Exceptions for "SpaceUWBLiveKit" folder in "GrowSpaceSDKTestApp" target */,
				EE86ED282DC0632100F8AE21 /* Exceptions for "SpaceUWBLiveKit" folder in "SpaceUWBLiveKitExtension" target */,
			);
			path = SpaceUWBLiveKit;
			sourceTree = "<group>";
		};
		EEBB92082D83C9720047DEF2 /* GrowSpaceSDKTestApp */ = {
			isa = PBXFileSystemSynchronizedRootGroup;
			exceptions = (
				EEBB922E2D83C9740047DEF2 /* Exceptions for "GrowSpaceSDKTestApp" folder in "GrowSpaceSDKTestApp" target */,
			);
			path = GrowSpaceSDKTestApp;
			sourceTree = "<group>";
		};
		EEBB921F2D83C9730047DEF2 /* GrowSpaceSDKTestAppTests */ = {
			isa = PBXFileSystemSynchronizedRootGroup;
			path = GrowSpaceSDKTestAppTests;
			sourceTree = "<group>";
		};
		EEBB92292D83C9740047DEF2 /* GrowSpaceSDKTestAppUITests */ = {
			isa = PBXFileSystemSynchronizedRootGroup;
			path = GrowSpaceSDKTestAppUITests;
			sourceTree = "<group>";
		};
/* End PBXFileSystemSynchronizedRootGroup section */

/* Begin PBXFrameworksBuildPhase section */
		EE86ED0E2DC0632000F8AE21 /* Frameworks */ = {
			isa = PBXFrameworksBuildPhase;
			buildActionMask = 2147483647;
			files = (
				EE86ED132DC0632000F8AE21 /* SwiftUI.framework in Frameworks */,
				EE86ED122DC0632000F8AE21 /* WidgetKit.framework in Frameworks */,
			);
			runOnlyForDeploymentPostprocessing = 0;
		};
		EEBB92032D83C9720047DEF2 /* Frameworks */ = {
			isa = PBXFrameworksBuildPhase;
			buildActionMask = 2147483647;
			files = (
				EEBB92442D83EEA20047DEF2 /* SnapKit in Frameworks */,
				EEBAFEF92EE00A70000F83B5 /* CocoaMQTT in Frameworks */,
				EE86ECEF2DBA188200F8AE21 /* GrowSpaceSDK in Frameworks */,
			);
			runOnlyForDeploymentPostprocessing = 0;
		};
		EEBB92192D83C9730047DEF2 /* Frameworks */ = {
			isa = PBXFrameworksBuildPhase;
			buildActionMask = 2147483647;
			files = (
			);
			runOnlyForDeploymentPostprocessing = 0;
		};
		EEBB92232D83C9740047DEF2 /* Frameworks */ = {
			isa = PBXFrameworksBuildPhase;
			buildActionMask = 2147483647;
			files = (
			);
			runOnlyForDeploymentPostprocessing = 0;
		};
/* End PBXFrameworksBuildPhase section */

/* Begin PBXGroup section */
		EEBB91FD2D83C9720047DEF2 = {
			isa = PBXGroup;
			children = (
				EEBB92082D83C9720047DEF2 /* GrowSpaceSDKTestApp */,
				EEBB921F2D83C9730047DEF2 /* GrowSpaceSDKTestAppTests */,
				EEBB92292D83C9740047DEF2 /* GrowSpaceSDKTestAppUITests */,
				EE86ED142DC0632000F8AE21 /* SpaceUWBLiveKit */,
				EEBB923B2D83C98F0047DEF2 /* Frameworks */,
				EEBB92072D83C9720047DEF2 /* Products */,
			);
			sourceTree = "<group>";
		};
		EEBB92072D83C9720047DEF2 /* Products */ = {
			isa = PBXGroup;
			children = (
				EEBB92062D83C9720047DEF2 /* GrowSpaceSDKTestApp.app */,
				EEBB921C2D83C9730047DEF2 /* GrowSpaceSDKTestAppTests.xctest */,
				EEBB92262D83C9740047DEF2 /* GrowSpaceSDKTestAppUITests.xctest */,
				EE86ED112DC0632000F8AE21 /* SpaceUWBLiveKitExtension.appex */,
			);
			name = Products;
			sourceTree = "<group>";
		};
		EEBB923B2D83C98F0047DEF2 /* Frameworks */ = {
			isa = PBXGroup;
			children = (
				EE697CE22D8CF77000144CAF /* WidgetKit.framework */,
				EE697CE42D8CF77000144CAF /* SwiftUI.framework */,
			);
			name = Frameworks;
			sourceTree = "<group>";
		};
/* End PBXGroup section */

/* Begin PBXNativeTarget section */
		EE86ED102DC0632000F8AE21 /* SpaceUWBLiveKitExtension */ = {
			isa = PBXNativeTarget;
			buildConfigurationList = EE86ED252DC0632100F8AE21 /* Build configuration list for PBXNativeTarget "SpaceUWBLiveKitExtension" */;
			buildPhases = (
				EE86ED0D2DC0632000F8AE21 /* Sources */,
				EE86ED0E2DC0632000F8AE21 /* Frameworks */,
				EE86ED0F2DC0632000F8AE21 /* Resources */,
			);
			buildRules = (
			);
			dependencies = (
			);
			fileSystemSynchronizedGroups = (
				EE86ED142DC0632000F8AE21 /* SpaceUWBLiveKit */,
			);
			name = SpaceUWBLiveKitExtension;
			packageProductDependencies = (
			);
			productName = SpaceUWBLiveKitExtension;
			productReference = EE86ED112DC0632000F8AE21 /* SpaceUWBLiveKitExtension.appex */;
			productType = "com.apple.product-type.app-extension";
		};
		EEBB92052D83C9720047DEF2 /* GrowSpaceSDKTestApp */ = {
			isa = PBXNativeTarget;
			buildConfigurationList = EEBB922F2D83C9740047DEF2 /* Build configuration list for PBXNativeTarget "GrowSpaceSDKTestApp" */;
			buildPhases = (
				EEBB92022D83C9720047DEF2 /* Sources */,
				EEBB92032D83C9720047DEF2 /* Frameworks */,
				EEBB92042D83C9720047DEF2 /* Resources */,
				EEBB927A2D87F82C0047DEF2 /* Embed Frameworks */,
				EE697CFB2D8CF77100144CAF /* Embed Foundation Extensions */,
			);
			buildRules = (
			);
			dependencies = (
				EE86ED232DC0632100F8AE21 /* PBXTargetDependency */,
			);
			fileSystemSynchronizedGroups = (
				EEBB92082D83C9720047DEF2 /* GrowSpaceSDKTestApp */,
			);
			name = GrowSpaceSDKTestApp;
			packageProductDependencies = (
				EEBB92432D83EEA20047DEF2 /* SnapKit */,
				EE86ECEE2DBA188200F8AE21 /* GrowSpaceSDK */,
				EEBAFEF82EE00A70000F83B5 /* CocoaMQTT */,
			);
			productName = GrowSpaceSDKTestApp;
			productReference = EEBB92062D83C9720047DEF2 /* GrowSpaceSDKTestApp.app */;
			productType = "com.apple.product-type.application";
		};
		EEBB921B2D83C9730047DEF2 /* GrowSpaceSDKTestAppTests */ = {
			isa = PBXNativeTarget;
			buildConfigurationList = EEBB92342D83C9740047DEF2 /* Build configuration list for PBXNativeTarget "GrowSpaceSDKTestAppTests" */;
			buildPhases = (
				EEBB92182D83C9730047DEF2 /* Sources */,
				EEBB92192D83C9730047DEF2 /* Frameworks */,
				EEBB921A2D83C9730047DEF2 /* Resources */,
			);
			buildRules = (
			);
			dependencies = (
				EEBB921E2D83C9730047DEF2 /* PBXTargetDependency */,
			);
			fileSystemSynchronizedGroups = (
				EEBB921F2D83C9730047DEF2 /* GrowSpaceSDKTestAppTests */,
			);
			name = GrowSpaceSDKTestAppTests;
			packageProductDependencies = (
			);
			productName = GrowSpaceSDKTestAppTests;
			productReference = EEBB921C2D83C9730047DEF2 /* GrowSpaceSDKTestAppTests.xctest */;
			productType = "com.apple.product-type.bundle.unit-test";
		};
		EEBB92252D83C9740047DEF2 /* GrowSpaceSDKTestAppUITests */ = {
			isa = PBXNativeTarget;
			buildConfigurationList = EEBB92372D83C9740047DEF2 /* Build configuration list for PBXNativeTarget "GrowSpaceSDKTestAppUITests" */;
			buildPhases = (
				EEBB92222D83C9740047DEF2 /* Sources */,
				EEBB92232D83C9740047DEF2 /* Frameworks */,
				EEBB92242D83C9740047DEF2 /* Resources */,
			);
			buildRules = (
			);
			dependencies = (
				EEBB92282D83C9740047DEF2 /* PBXTargetDependency */,
			);
			fileSystemSynchronizedGroups = (
				EEBB92292D83C9740047DEF2 /* GrowSpaceSDKTestAppUITests */,
			);
			name = GrowSpaceSDKTestAppUITests;
			packageProductDependencies = (
			);
			productName = GrowSpaceSDKTestAppUITests;
			productReference = EEBB92262D83C9740047DEF2 /* GrowSpaceSDKTestAppUITests.xctest */;
			productType = "com.apple.product-type.bundle.ui-testing";
		};
/* End PBXNativeTarget section */

/* Begin PBXProject section */
		EEBB91FE2D83C9720047DEF2 /* Project object */ = {
			isa = PBXProject;
			attributes = {
				BuildIndependentTargetsInParallel = 1;
				LastSwiftUpdateCheck = 1600;
				LastUpgradeCheck = 1600;
				TargetAttributes = {
					EE86ED102DC0632000F8AE21 = {
						CreatedOnToolsVersion = 16.0;
					};
					EEBB92052D83C9720047DEF2 = {
						CreatedOnToolsVersion = 16.0;
					};
					EEBB921B2D83C9730047DEF2 = {
						CreatedOnToolsVersion = 16.0;
						TestTargetID = EEBB92052D83C9720047DEF2;
					};
					EEBB92252D83C9740047DEF2 = {
						CreatedOnToolsVersion = 16.0;
						TestTargetID = EEBB92052D83C9720047DEF2;
					};
				};
			};
			buildConfigurationList = EEBB92012D83C9720047DEF2 /* Build configuration list for PBXProject "GrowSpaceSDKTestApp" */;
			developmentRegion = en;
			hasScannedForEncodings = 0;
			knownRegions = (
				en,
				Base,
			);
			mainGroup = EEBB91FD2D83C9720047DEF2;
			minimizedProjectReferenceProxies = 1;
			packageReferences = (
				EEBB92422D83EE930047DEF2 /* XCRemoteSwiftPackageReference "SnapKit" */,
				EE86ECED2DBA17F700F8AE21 /* XCRemoteSwiftPackageReference "SpaceSDK-iOS" */,
				EEBAFEF72EE009C3000F83B5 /* XCRemoteSwiftPackageReference "CocoaMQTT" */,
			);
			preferredProjectObjectVersion = 77;
			productRefGroup = EEBB92072D83C9720047DEF2 /* Products */;
			projectDirPath = "";
			projectRoot = "";
			targets = (
				EEBB92052D83C9720047DEF2 /* GrowSpaceSDKTestApp */,
				EEBB921B2D83C9730047DEF2 /* GrowSpaceSDKTestAppTests */,
				EEBB92252D83C9740047DEF2 /* GrowSpaceSDKTestAppUITests */,
				EE86ED102DC0632000F8AE21 /* SpaceUWBLiveKitExtension */,
			);
		};
/* End PBXProject section */

/* Begin PBXResourcesBuildPhase section */
		EE86ED0F2DC0632000F8AE21 /* Resources */ = {
			isa = PBXResourcesBuildPhase;
			buildActionMask = 2147483647;
			files = (
			);
			runOnlyForDeploymentPostprocessing = 0;
		};
		EEBB92042D83C9720047DEF2 /* Resources */ = {
			isa = PBXResourcesBuildPhase;
			buildActionMask = 2147483647;
			files = (
			);
			runOnlyForDeploymentPostprocessing = 0;
		};
		EEBB921A2D83C9730047DEF2 /* Resources */ = {
			isa = PBXResourcesBuildPhase;
			buildActionMask = 2147483647;
			files = (
			);
			runOnlyForDeploymentPostprocessing = 0;
		};
		EEBB92242D83C9740047DEF2 /* Resources */ = {
			isa = PBXResourcesBuildPhase;
			buildActionMask = 2147483647;
			files = (
			);
			runOnlyForDeploymentPostprocessing = 0;
		};
/* End PBXResourcesBuildPhase section */

/* Begin PBXSourcesBuildPhase section */
		EE86ED0D2DC0632000F8AE21 /* Sources */ = {
			isa = PBXSourcesBuildPhase;
			buildActionMask = 2147483647;
			files = (
			);
			runOnlyForDeploymentPostprocessing = 0;
		};
		EEBB92022D83C9720047DEF2 /* Sources */ = {
			isa = PBXSourcesBuildPhase;
			buildActionMask = 2147483647;
			files = (
			);
			runOnlyForDeploymentPostprocessing = 0;
		};
		EEBB92182D83C9730047DEF2 /* Sources */ = {
			isa = PBXSourcesBuildPhase;
			buildActionMask = 2147483647;
			files = (
			);
			runOnlyForDeploymentPostprocessing = 0;
		};
		EEBB92222D83C9740047DEF2 /* Sources */ = {
			isa = PBXSourcesBuildPhase;
			buildActionMask = 2147483647;
			files = (
			);
			runOnlyForDeploymentPostprocessing = 0;
		};
/* End PBXSourcesBuildPhase section */

/* Begin PBXTargetDependency section */
		EE86ED232DC0632100F8AE21 /* PBXTargetDependency */ = {
			isa = PBXTargetDependency;
			target = EE86ED102DC0632000F8AE21 /* SpaceUWBLiveKitExtension */;
			targetProxy = EE86ED222DC0632100F8AE21 /* PBXContainerItemProxy */;
		};
		EEBB921E2D83C9730047DEF2 /* PBXTargetDependency */ = {
			isa = PBXTargetDependency;
			target = EEBB92052D83C9720047DEF2 /* GrowSpaceSDKTestApp */;
			targetProxy = EEBB921D2D83C9730047DEF2 /* PBXContainerItemProxy */;
		};
		EEBB92282D83C9740047DEF2 /* PBXTargetDependency */ = {
			isa = PBXTargetDependency;
			target = EEBB92052D83C9720047DEF2 /* GrowSpaceSDKTestApp */;
			targetProxy = EEBB92272D83C9740047DEF2 /* PBXContainerItemProxy */;
		};
/* End PBXTargetDependency section */

/* Begin XCBuildConfiguration section */
		EE86ED262DC0632100F8AE21 /* Debug */ = {
			isa = XCBuildConfiguration;
			buildSettings = {
				ASSETCATALOG_COMPILER_GLOBAL_ACCENT_COLOR_NAME = AccentColor;
				ASSETCATALOG_COMPILER_WIDGET_BACKGROUND_COLOR_NAME = WidgetBackground;
				CODE_SIGN_STYLE = Automatic;
				CURRENT_PROJECT_VERSION = 1;
				DEVELOPMENT_TEAM = R3A3LV727S;
				GENERATE_INFOPLIST_FILE = YES;
				INFOPLIST_FILE = SpaceUWBLiveKit/Info.plist;
				INFOPLIST_KEY_CFBundleDisplayName = SpaceUWBLiveKit;
				INFOPLIST_KEY_NSHumanReadableCopyright = "";
				LD_RUNPATH_SEARCH_PATHS = (
					"$(inherited)",
					"@executable_path/Frameworks",
					"@executable_path/../../Frameworks",
				);
				MARKETING_VERSION = 1.0;
				PRODUCT_BUNDLE_IDENTIFIER = freegrow.GrowSpaceSDKTestApp.SpaceUWBLiveKit;
				PRODUCT_NAME = "$(TARGET_NAME)";
				SKIP_INSTALL = YES;
				SWIFT_EMIT_LOC_STRINGS = YES;
				SWIFT_VERSION = 5.0;
				TARGETED_DEVICE_FAMILY = "1,2";
			};
			name = Debug;
		};
		EE86ED272DC0632100F8AE21 /* Release */ = {
			isa = XCBuildConfiguration;
			buildSettings = {
				ASSETCATALOG_COMPILER_GLOBAL_ACCENT_COLOR_NAME = AccentColor;
				ASSETCATALOG_COMPILER_WIDGET_BACKGROUND_COLOR_NAME = WidgetBackground;
				CODE_SIGN_STYLE = Automatic;
				CURRENT_PROJECT_VERSION = 1;
				DEVELOPMENT_TEAM = R3A3LV727S;
				GENERATE_INFOPLIST_FILE = YES;
				INFOPLIST_FILE = SpaceUWBLiveKit/Info.plist;
				INFOPLIST_KEY_CFBundleDisplayName = SpaceUWBLiveKit;
				INFOPLIST_KEY_NSHumanReadableCopyright = "";
				LD_RUNPATH_SEARCH_PATHS = (
					"$(inherited)",
					"@executable_path/Frameworks",
					"@executable_path/../../Frameworks",
				);
				MARKETING_VERSION = 1.0;
				PRODUCT_BUNDLE_IDENTIFIER = freegrow.GrowSpaceSDKTestApp.SpaceUWBLiveKit;
				PRODUCT_NAME = "$(TARGET_NAME)";
				SKIP_INSTALL = YES;
				SWIFT_EMIT_LOC_STRINGS = YES;
				SWIFT_VERSION = 5.0;
				TARGETED_DEVICE_FAMILY = "1,2";
			};
			name = Release;
		};
		EEBB92302D83C9740047DEF2 /* Debug */ = {
			isa = XCBuildConfiguration;
			buildSettings = {
				ASSETCATALOG_COMPILER_APPICON_NAME = AppIcon;
				ASSETCATALOG_COMPILER_GLOBAL_ACCENT_COLOR_NAME = AccentColor;
				ASSETCATALOG_COMPILER_INCLUDE_ALL_APPICON_ASSETS = NO;
				CODE_SIGN_STYLE = Automatic;
				CURRENT_PROJECT_VERSION = 12;
				DEVELOPMENT_TEAM = R3A3LV727S;
				GENERATE_INFOPLIST_FILE = YES;
				INFOPLIST_FILE = GrowSpaceSDKTestApp/Info.plist;
				INFOPLIST_KEY_CFBundleDisplayName = "Space UWB";
				INFOPLIST_KEY_NSBluetoothAlwaysUsageDescription = "이 앱은 백그라운드에서도 UWB 장치와 BLE 통신을 유지하기 위해 Bluetooth 권한이 필요합니다.";
				INFOPLIST_KEY_NSBluetoothPeripheralUsageDescription = "UWB 장치와의 BLE 연결을 위해 이 권한이 필요합니다.";
				INFOPLIST_KEY_NSCameraUsageDescription = "UWB 장치와의 거리, 방향 정확도를 높이기 위해 카메라 접근이 필요합니다.";
				INFOPLIST_KEY_NSLocationWhenInUseUsageDescription = "이 앱은 BLE 기반의 장치 검색 및 연결을 위해 위치 권한이 필요합니다.";
				INFOPLIST_KEY_NSMotionUsageDescription = "정확한 위치 계산을 위해 모션 센서 접근이 필요합니다.";
				INFOPLIST_KEY_NSNearbyInteractionUsageDescription = "이 앱은 근거리 상호작용을 위해 UWB 기능을 사용합니다.";
				INFOPLIST_KEY_NSSupportsLiveActivities = YES;
				INFOPLIST_KEY_UIApplicationSupportsIndirectInputEvents = YES;
				INFOPLIST_KEY_UILaunchStoryboardName = LaunchScreen;
				INFOPLIST_KEY_UIMainStoryboardFile = Main;
				INFOPLIST_KEY_UISupportedInterfaceOrientations_iPad = "UIInterfaceOrientationPortrait UIInterfaceOrientationPortraitUpsideDown UIInterfaceOrientationLandscapeLeft UIInterfaceOrientationLandscapeRight";
				INFOPLIST_KEY_UISupportedInterfaceOrientations_iPhone = "UIInterfaceOrientationPortrait UIInterfaceOrientationLandscapeLeft UIInterfaceOrientationLandscapeRight";
				INFOPLIST_KEY_UIUserInterfaceStyle = Light;
				IPHONEOS_DEPLOYMENT_TARGET = 16.2;
				LD_RUNPATH_SEARCH_PATHS = (
					"$(inherited)",
					"@executable_path/Frameworks",
				);
				MARKETING_VERSION = 1.0.3;
				PRODUCT_BUNDLE_IDENTIFIER = freegrow.GrowSpaceSDKTestApp;
				PRODUCT_NAME = "$(TARGET_NAME)";
				SUPPORTED_PLATFORMS = "iphoneos iphonesimulator";
				SUPPORTS_MACCATALYST = NO;
				SWIFT_EMIT_LOC_STRINGS = YES;
				SWIFT_VERSION = 5.0;
				TARGETED_DEVICE_FAMILY = 1;
			};
			name = Debug;
		};
		EEBB92312D83C9740047DEF2 /* Release */ = {
			isa = XCBuildConfiguration;
			buildSettings = {
				ASSETCATALOG_COMPILER_APPICON_NAME = AppIcon;
				ASSETCATALOG_COMPILER_GLOBAL_ACCENT_COLOR_NAME = AccentColor;
				ASSETCATALOG_COMPILER_INCLUDE_ALL_APPICON_ASSETS = NO;
				CODE_SIGN_STYLE = Automatic;
				CURRENT_PROJECT_VERSION = 12;
				DEVELOPMENT_TEAM = R3A3LV727S;
				GENERATE_INFOPLIST_FILE = YES;
				INFOPLIST_FILE = GrowSpaceSDKTestApp/Info.plist;
				INFOPLIST_KEY_CFBundleDisplayName = "Space UWB";
				INFOPLIST_KEY_NSBluetoothAlwaysUsageDescription = "이 앱은 백그라운드에서도 UWB 장치와 BLE 통신을 유지하기 위해 Bluetooth 권한이 필요합니다.";
				INFOPLIST_KEY_NSBluetoothPeripheralUsageDescription = "UWB 장치와의 BLE 연결을 위해 이 권한이 필요합니다.";
				INFOPLIST_KEY_NSCameraUsageDescription = "UWB 장치와의 거리, 방향 정확도를 높이기 위해 카메라 접근이 필요합니다.";
				INFOPLIST_KEY_NSLocationWhenInUseUsageDescription = "이 앱은 BLE 기반의 장치 검색 및 연결을 위해 위치 권한이 필요합니다.";
				INFOPLIST_KEY_NSMotionUsageDescription = "정확한 위치 계산을 위해 모션 센서 접근이 필요합니다.";
				INFOPLIST_KEY_NSNearbyInteractionUsageDescription = "이 앱은 근거리 상호작용을 위해 UWB 기능을 사용합니다.";
				INFOPLIST_KEY_NSSupportsLiveActivities = YES;
				INFOPLIST_KEY_UIApplicationSupportsIndirectInputEvents = YES;
				INFOPLIST_KEY_UILaunchStoryboardName = LaunchScreen;
				INFOPLIST_KEY_UIMainStoryboardFile = Main;
				INFOPLIST_KEY_UISupportedInterfaceOrientations_iPad = "UIInterfaceOrientationPortrait UIInterfaceOrientationPortraitUpsideDown UIInterfaceOrientationLandscapeLeft UIInterfaceOrientationLandscapeRight";
				INFOPLIST_KEY_UISupportedInterfaceOrientations_iPhone = "UIInterfaceOrientationPortrait UIInterfaceOrientationLandscapeLeft UIInterfaceOrientationLandscapeRight";
				INFOPLIST_KEY_UIUserInterfaceStyle = Light;
				IPHONEOS_DEPLOYMENT_TARGET = 16.2;
				LD_RUNPATH_SEARCH_PATHS = (
					"$(inherited)",
					"@executable_path/Frameworks",
				);
				MARKETING_VERSION = 1.0.3;
				PRODUCT_BUNDLE_IDENTIFIER = freegrow.GrowSpaceSDKTestApp;
				PRODUCT_NAME = "$(TARGET_NAME)";
				SUPPORTED_PLATFORMS = "iphoneos iphonesimulator";
				SUPPORTS_MACCATALYST = NO;
				SWIFT_EMIT_LOC_STRINGS = YES;
				SWIFT_VERSION = 5.0;
				TARGETED_DEVICE_FAMILY = 1;
			};
			name = Release;
		};
		EEBB92322D83C9740047DEF2 /* Debug */ = {
			isa = XCBuildConfiguration;
			buildSettings = {
				ALWAYS_SEARCH_USER_PATHS = NO;
				ASSETCATALOG_COMPILER_GENERATE_SWIFT_ASSET_SYMBOL_EXTENSIONS = YES;
				CLANG_ANALYZER_NONNULL = YES;
				CLANG_ANALYZER_NUMBER_OBJECT_CONVERSION = YES_AGGRESSIVE;
				CLANG_CXX_LANGUAGE_STANDARD = "gnu++20";
				CLANG_ENABLE_MODULES = YES;
				CLANG_ENABLE_OBJC_ARC = YES;
				CLANG_ENABLE_OBJC_WEAK = YES;
				CLANG_WARN_BLOCK_CAPTURE_AUTORELEASING = YES;
				CLANG_WARN_BOOL_CONVERSION = YES;
				CLANG_WARN_COMMA = YES;
				CLANG_WARN_CONSTANT_CONVERSION = YES;
				CLANG_WARN_DEPRECATED_OBJC_IMPLEMENTATIONS = YES;
				CLANG_WARN_DIRECT_OBJC_ISA_USAGE = YES_ERROR;
				CLANG_WARN_DOCUMENTATION_COMMENTS = YES;
				CLANG_WARN_EMPTY_BODY = YES;
				CLANG_WARN_ENUM_CONVERSION = YES;
				CLANG_WARN_INFINITE_RECURSION = YES;
				CLANG_WARN_INT_CONVERSION = YES;
				CLANG_WARN_NON_LITERAL_NULL_CONVERSION = YES;
				CLANG_WARN_OBJC_IMPLICIT_RETAIN_SELF = YES;
				CLANG_WARN_OBJC_LITERAL_CONVERSION = YES;
				CLANG_WARN_OBJC_ROOT_CLASS = YES_ERROR;
				CLANG_WARN_QUOTED_INCLUDE_IN_FRAMEWORK_HEADER = YES;
				CLANG_WARN_RANGE_LOOP_ANALYSIS = YES;
				CLANG_WARN_STRICT_PROTOTYPES = YES;
				CLANG_WARN_SUSPICIOUS_MOVE = YES;
				CLANG_WARN_UNGUARDED_AVAILABILITY = YES_AGGRESSIVE;
				CLANG_WARN_UNREACHABLE_CODE = YES;
				CLANG_WARN__DUPLICATE_METHOD_MATCH = YES;
				COPY_PHASE_STRIP = NO;
				DEBUG_INFORMATION_FORMAT = dwarf;
				ENABLE_STRICT_OBJC_MSGSEND = YES;
				ENABLE_TESTABILITY = YES;
				ENABLE_USER_SCRIPT_SANDBOXING = YES;
				GCC_C_LANGUAGE_STANDARD = gnu17;
				GCC_DYNAMIC_NO_PIC = NO;
				GCC_NO_COMMON_BLOCKS = YES;
				GCC_OPTIMIZATION_LEVEL = 0;
				GCC_PREPROCESSOR_DEFINITIONS = (
					"DEBUG=1",
					"$(inherited)",
				);
				GCC_WARN_64_TO_32_BIT_CONVERSION = YES;
				GCC_WARN_ABOUT_RETURN_TYPE = YES_ERROR;
				GCC_WARN_UNDECLARED_SELECTOR = YES;
				GCC_WARN_UNINITIALIZED_AUTOS = YES_AGGRESSIVE;
				GCC_WARN_UNUSED_FUNCTION = YES;
				GCC_WARN_UNUSED_VARIABLE = YES;
				IPHONEOS_DEPLOYMENT_TARGET = 18.0;
				LOCALIZATION_PREFERS_STRING_CATALOGS = YES;
				MTL_ENABLE_DEBUG_INFO = INCLUDE_SOURCE;
				MTL_FAST_MATH = YES;
				ONLY_ACTIVE_ARCH = YES;
				SDKROOT = iphoneos;
				SWIFT_ACTIVE_COMPILATION_CONDITIONS = "DEBUG $(inherited)";
				SWIFT_OPTIMIZATION_LEVEL = "-Onone";
			};
			name = Debug;
		};
		EEBB92332D83C9740047DEF2 /* Release */ = {
			isa = XCBuildConfiguration;
			buildSettings = {
				ALWAYS_SEARCH_USER_PATHS = NO;
				ASSETCATALOG_COMPILER_GENERATE_SWIFT_ASSET_SYMBOL_EXTENSIONS = YES;
				CLANG_ANALYZER_NONNULL = YES;
				CLANG_ANALYZER_NUMBER_OBJECT_CONVERSION = YES_AGGRESSIVE;
				CLANG_CXX_LANGUAGE_STANDARD = "gnu++20";
				CLANG_ENABLE_MODULES = YES;
				CLANG_ENABLE_OBJC_ARC = YES;
				CLANG_ENABLE_OBJC_WEAK = YES;
				CLANG_WARN_BLOCK_CAPTURE_AUTORELEASING = YES;
				CLANG_WARN_BOOL_CONVERSION = YES;
				CLANG_WARN_COMMA = YES;
				CLANG_WARN_CONSTANT_CONVERSION = YES;
				CLANG_WARN_DEPRECATED_OBJC_IMPLEMENTATIONS = YES;
				CLANG_WARN_DIRECT_OBJC_ISA_USAGE = YES_ERROR;
				CLANG_WARN_DOCUMENTATION_COMMENTS = YES;
				CLANG_WARN_EMPTY_BODY = YES;
				CLANG_WARN_ENUM_CONVERSION = YES;
				CLANG_WARN_INFINITE_RECURSION = YES;
				CLANG_WARN_INT_CONVERSION = YES;
				CLANG_WARN_NON_LITERAL_NULL_CONVERSION = YES;
				CLANG_WARN_OBJC_IMPLICIT_RETAIN_SELF = YES;
				CLANG_WARN_OBJC_LITERAL_CONVERSION = YES;
				CLANG_WARN_OBJC_ROOT_CLASS = YES_ERROR;
				CLANG_WARN_QUOTED_INCLUDE_IN_FRAMEWORK_HEADER = YES;
				CLANG_WARN_RANGE_LOOP_ANALYSIS = YES;
				CLANG_WARN_STRICT_PROTOTYPES = YES;
				CLANG_WARN_SUSPICIOUS_MOVE = YES;
				CLANG_WARN_UNGUARDED_AVAILABILITY = YES_AGGRESSIVE;
				CLANG_WARN_UNREACHABLE_CODE = YES;
				CLANG_WARN__DUPLICATE_METHOD_MATCH = YES;
				COPY_PHASE_STRIP = NO;
				DEBUG_INFORMATION_FORMAT = "dwarf-with-dsym";
				ENABLE_NS_ASSERTIONS = NO;
				ENABLE_STRICT_OBJC_MSGSEND = YES;
				ENABLE_USER_SCRIPT_SANDBOXING = YES;
				GCC_C_LANGUAGE_STANDARD = gnu17;
				GCC_NO_COMMON_BLOCKS = YES;
				GCC_WARN_64_TO_32_BIT_CONVERSION = YES;
				GCC_WARN_ABOUT_RETURN_TYPE = YES_ERROR;
				GCC_WARN_UNDECLARED_SELECTOR = YES;
				GCC_WARN_UNINITIALIZED_AUTOS = YES_AGGRESSIVE;
				GCC_WARN_UNUSED_FUNCTION = YES;
				GCC_WARN_UNUSED_VARIABLE = YES;
				IPHONEOS_DEPLOYMENT_TARGET = 18.0;
				LOCALIZATION_PREFERS_STRING_CATALOGS = YES;
				MTL_ENABLE_DEBUG_INFO = NO;
				MTL_FAST_MATH = YES;
				SDKROOT = iphoneos;
				SWIFT_COMPILATION_MODE = wholemodule;
				VALIDATE_PRODUCT = YES;
			};
			name = Release;
		};
		EEBB92352D83C9740047DEF2 /* Debug */ = {
			isa = XCBuildConfiguration;
			buildSettings = {
				BUNDLE_LOADER = "$(TEST_HOST)";
				CODE_SIGN_STYLE = Automatic;
				CURRENT_PROJECT_VERSION = 1;
				DEVELOPMENT_TEAM = R3A3LV727S;
				GENERATE_INFOPLIST_FILE = YES;
				IPHONEOS_DEPLOYMENT_TARGET = 18.0;
				MARKETING_VERSION = 1.0;
				PRODUCT_BUNDLE_IDENTIFIER = freegrow.GrowSpaceSDKTestAppTests;
				PRODUCT_NAME = "$(TARGET_NAME)";
				SWIFT_EMIT_LOC_STRINGS = NO;
				SWIFT_VERSION = 5.0;
				TARGETED_DEVICE_FAMILY = "1,2";
				TEST_HOST = "$(BUILT_PRODUCTS_DIR)/GrowSpaceSDKTestApp.app/$(BUNDLE_EXECUTABLE_FOLDER_PATH)/GrowSpaceSDKTestApp";
			};
			name = Debug;
		};
		EEBB92362D83C9740047DEF2 /* Release */ = {
			isa = XCBuildConfiguration;
			buildSettings = {
				BUNDLE_LOADER = "$(TEST_HOST)";
				CODE_SIGN_STYLE = Automatic;
				CURRENT_PROJECT_VERSION = 1;
				DEVELOPMENT_TEAM = R3A3LV727S;
				GENERATE_INFOPLIST_FILE = YES;
				IPHONEOS_DEPLOYMENT_TARGET = 18.0;
				MARKETING_VERSION = 1.0;
				PRODUCT_BUNDLE_IDENTIFIER = freegrow.GrowSpaceSDKTestAppTests;
				PRODUCT_NAME = "$(TARGET_NAME)";
				SWIFT_EMIT_LOC_STRINGS = NO;
				SWIFT_VERSION = 5.0;
				TARGETED_DEVICE_FAMILY = "1,2";
				TEST_HOST = "$(BUILT_PRODUCTS_DIR)/GrowSpaceSDKTestApp.app/$(BUNDLE_EXECUTABLE_FOLDER_PATH)/GrowSpaceSDKTestApp";
			};
			name = Release;
		};
		EEBB92382D83C9740047DEF2 /* Debug */ = {
			isa = XCBuildConfiguration;
			buildSettings = {
				CODE_SIGN_STYLE = Automatic;
				CURRENT_PROJECT_VERSION = 1;
				DEVELOPMENT_TEAM = R3A3LV727S;
				GENERATE_INFOPLIST_FILE = YES;
				MARKETING_VERSION = 1.0;
				PRODUCT_BUNDLE_IDENTIFIER = freegrow.GrowSpaceSDKTestAppUITests;
				PRODUCT_NAME = "$(TARGET_NAME)";
				SWIFT_EMIT_LOC_STRINGS = NO;
				SWIFT_VERSION = 5.0;
				TARGETED_DEVICE_FAMILY = "1,2";
				TEST_TARGET_NAME = GrowSpaceSDKTestApp;
			};
			name = Debug;
		};
		EEBB92392D83C9740047DEF2 /* Release */ = {
			isa = XCBuildConfiguration;
			buildSettings = {
				CODE_SIGN_STYLE = Automatic;
				CURRENT_PROJECT_VERSION = 1;
				DEVELOPMENT_TEAM = R3A3LV727S;
				GENERATE_INFOPLIST_FILE = YES;
				MARKETING_VERSION = 1.0;
				PRODUCT_BUNDLE_IDENTIFIER = freegrow.GrowSpaceSDKTestAppUITests;
				PRODUCT_NAME = "$(TARGET_NAME)";
				SWIFT_EMIT_LOC_STRINGS = NO;
				SWIFT_VERSION = 5.0;
				TARGETED_DEVICE_FAMILY = "1,2";
				TEST_TARGET_NAME = GrowSpaceSDKTestApp;
			};
			name = Release;
		};
/* End XCBuildConfiguration section */

/* Begin XCConfigurationList section */
		EE86ED252DC0632100F8AE21 /* Build configuration list for PBXNativeTarget "SpaceUWBLiveKitExtension" */ = {
			isa = XCConfigurationList;
			buildConfigurations = (
				EE86ED262DC0632100F8AE21 /* Debug */,
				EE86ED272DC0632100F8AE21 /* Release */,
			);
			defaultConfigurationIsVisible = 0;
			defaultConfigurationName = Release;
		};
		EEBB92012D83C9720047DEF2 /* Build configuration list for PBXProject "GrowSpaceSDKTestApp" */ = {
			isa = XCConfigurationList;
			buildConfigurations = (
				EEBB92322D83C9740047DEF2 /* Debug */,
				EEBB92332D83C9740047DEF2 /* Release */,
			);
			defaultConfigurationIsVisible = 0;
			defaultConfigurationName = Release;
		};
		EEBB922F2D83C9740047DEF2 /* Build configuration list for PBXNativeTarget "GrowSpaceSDKTestApp" */ = {
			isa = XCConfigurationList;
			buildConfigurations = (
				EEBB92302D83C9740047DEF2 /* Debug */,
				EEBB92312D83C9740047DEF2 /* Release */,
			);
			defaultConfigurationIsVisible = 0;
			defaultConfigurationName = Release;
		};
		EEBB92342D83C9740047DEF2 /* Build configuration list for PBXNativeTarget "GrowSpaceSDKTestAppTests" */ = {
			isa = XCConfigurationList;
			buildConfigurations = (
				EEBB92352D83C9740047DEF2 /* Debug */,
				EEBB92362D83C9740047DEF2 /* Release */,
			);
			defaultConfigurationIsVisible = 0;
			defaultConfigurationName = Release;
		};
		EEBB92372D83C9740047DEF2 /* Build configuration list for PBXNativeTarget "GrowSpaceSDKTestAppUITests" */ = {
			isa = XCConfigurationList;
			buildConfigurations = (
				EEBB92382D83C9740047DEF2 /* Debug */,
				EEBB92392D83C9740047DEF2 /* Release */,
			);
			defaultConfigurationIsVisible = 0;
			defaultConfigurationName = Release;
		};
/* End XCConfigurationList section */

/* Begin XCRemoteSwiftPackageReference section */
		EE86ECED2DBA17F700F8AE21 /* XCRemoteSwiftPackageReference "SpaceSDK-iOS" */ = {
			isa = XCRemoteSwiftPackageReference;
			repositoryURL = "https://github.com/freegrowenterprise/SpaceSDK-iOS/";
			requirement = {
				branch = master;
				kind = branch;
			};
		};
		EEBAFEF72EE009C3000F83B5 /* XCRemoteSwiftPackageReference "CocoaMQTT" */ = {
			isa = XCRemoteSwiftPackageReference;
			repositoryURL = "https://github.com/emqx/CocoaMQTT.git";
			requirement = {
				kind = upToNextMajorVersion;
				minimumVersion = 2.1.9;
			};
		};
		EEBB92422D83EE930047DEF2 /* XCRemoteSwiftPackageReference "SnapKit" */ = {
			isa = XCRemoteSwiftPackageReference;
			repositoryURL = "https://github.com/SnapKit/SnapKit";
			requirement = {
				kind = upToNextMajorVersion;
				minimumVersion = 5.7.1;
			};
		};
/* End XCRemoteSwiftPackageReference section */

/* Begin XCSwiftPackageProductDependency section */
		EE86ECEE2DBA188200F8AE21 /* GrowSpaceSDK */ = {
			isa = XCSwiftPackageProductDependency;
			package = EE86ECED2DBA17F700F8AE21 /* XCRemoteSwiftPackageReference "SpaceSDK-iOS" */;
			productName = GrowSpaceSDK;
		};
		EEBAFEF82EE00A70000F83B5 /* CocoaMQTT */ = {
			isa = XCSwiftPackageProductDependency;
			package = EEBAFEF72EE009C3000F83B5 /* XCRemoteSwiftPackageReference "CocoaMQTT" */;
			productName = CocoaMQTT;
		};
		EEBB92432D83EEA20047DEF2 /* SnapKit */ = {
			isa = XCSwiftPackageProductDependency;
			package = EEBB92422D83EE930047DEF2 /* XCRemoteSwiftPackageReference "SnapKit" */;
			productName = SnapKit;
		};
/* End XCSwiftPackageProductDependency section */
	};
	rootObject = EEBB91FE2D83C9720047DEF2 /* Project object */;
}
